{
  "version": 1,
  "dependencies": {
    "net9.0-windows7.0": {
      "CsvHelper": {
        "type": "Direct",
        "requested": "[33.1.0, )",
        "resolved": "33.1.0",
        "contentHash": "kqfTOZGrn7NarNeXgjh86JcpTHUoeQDMB8t9NVa/ZtlSYiV1rxfRnQ49WaJsob4AiGrbK0XDzpyKkBwai4F8eg=="
      },
      "DalamudPackager": {
        "type": "Direct",
        "requested": "[13.0.0, )",
        "resolved": "13.0.0",
        "contentHash": "Mb3cUDSK/vDPQ8gQIeuCw03EMYrej1B4J44a1AvIJ9C759p9XeqdU9Hg4WgOmlnlPe0G7ILTD32PKSUpkQNa8w=="
      },
      "Dbscan": {
        "type": "Direct",
        "requested": "[3.0.0, )",
        "resolved": "3.0.0",
        "contentHash": "LPWFNV9GxWunJWvut6/Y50JD2PyxkhcXnzs4YNrLVlvZ+5VuzRCSmKTsFlpkutYjDWG0PF7ygO2KlEZC/8vowg=="
      },
      "Dbscan.RBush": {
        "type": "Direct",
        "requested": "[3.0.0, )",
        "resolved": "3.0.0",
        "contentHash": "RvsnskTX3q8cyDatrIcnx0JoldvdWwTYDuuHw7d3Y6yBASkFhz+2P37UfDj6TDSVx+USIwP1Rtos52OK49Mj7g==",
        "dependencies": {
          "Dbscan": "3.0.0",
          "RBush": "3.0.0"
        }
      },
      "DotNet.ReproducibleBuilds": {
        "type": "Direct",
        "requested": "[1.2.25, )",
        "resolved": "1.2.25",
        "contentHash": "xCXiw7BCxHJ8pF6wPepRUddlh2dlQlbr81gXA72hdk4FLHkKXas7EH/n+fk5UCA/YfMqG1Z6XaPiUjDbUNBUzg=="
      },
      "RBush": {
        "type": "Transitive",
        "resolved": "3.0.0",
        "contentHash": "qYPef3JB1a6Mik6Y8o3epqQ9OZ74FUbKr/8mt2HjyH6KF5cFEZ5XpaDK68jT5oR/ytxXrfolawToSODWyDp/hQ==",
        "dependencies": {
          "System.Collections.Immutable": "1.5.0"
        }
      },
      "System.Collections.Immutable": {
        "type": "Transitive",
        "resolved": "1.5.0",
        "contentHash": "EXKiDFsChZW0RjrZ4FYHu9aW6+P4MCgEDCklsVseRfhoO0F+dXeMSsMRAlVXIo06kGJ/zv+2w1a2uc2+kxxSaQ=="
      }
    }
  }
}